
Microsoft Visual Studio Solution File, Format Version 12.00
# Visual Studio Version 16
VisualStudioVersion = 16.0.31727.386
MinimumVisualStudioVersion = 10.0.40219.1
Project("{9A19103F-16F7-4668-BE54-9A1E7A4F7556}") = "Targil0", "Targil0\Targil0.csproj", "{B26B18F8-3826-4501-AF1A-ACA805D6A182}"
EndProject
Project("{9A19103F-16F7-4668-BE54-9A1E7A4F7556}") = "ConsoleUI", "ConsoleUI\ConsoleUI.csproj", "{C10ACA6C-15ED-4133-9CFD-D75625991F56}"
EndProject
Project("{9A19103F-16F7-4668-BE54-9A1E7A4F7556}") = "DAL", "DAL\DAL.csproj", "{D96A54A8-A3F3-4281-AC45-DECDF2FDDEEC}"
EndProject
Global
	GlobalSection(SolutionConfigurationPlatforms) = preSolution
		Debug|Any CPU = Debug|Any CPU
		Release|Any CPU = Release|Any CPU
	EndGlobalSection
	GlobalSection(ProjectConfigurationPlatforms) = postSolution
		{B26B18F8-3826-4501-AF1A-ACA805D6A182}.Debug|Any CPU.ActiveCfg = Debug|Any CPU
		{B26B18F8-3826-4501-AF1A-ACA805D6A182}.Debug|Any CPU.Build.0 = Debug|Any CPU
		{B26B18F8-3826-4501-AF1A-ACA805D6A182}.Release|Any CPU.ActiveCfg = Release|Any CPU
		{B26B18F8-3826-4501-AF1A-ACA805D6A182}.Release|Any CPU.Build.0 = Release|Any CPU
		{C10ACA6C-15ED-4133-9CFD-D75625991F56}.Debug|Any CPU.ActiveCfg = Debug|Any CPU
		{C10ACA6C-15ED-4133-9CFD-D75625991F56}.Debug|Any CPU.Build.0 = Debug|Any CPU
		{C10ACA6C-15ED-4133-9CFD-D75625991F56}.Release|Any CPU.ActiveCfg = Release|Any CPU
		{C10ACA6C-15ED-4133-9CFD-D75625991F56}.Release|Any CPU.Build.0 = Release|Any CPU
		{D96A54A8-A3F3-4281-AC45-DECDF2FDDEEC}.Debug|Any CPU.ActiveCfg = Debug|Any CPU
		{D96A54A8-A3F3-4281-AC45-DECDF2FDDEEC}.Debug|Any CPU.Build.0 = Debug|Any CPU
		{D96A54A8-A3F3-4281-AC45-DECDF2FDDEEC}.Release|Any CPU.ActiveCfg = Release|Any CPU
		{D96A54A8-A3F3-4281-AC45-DECDF2FDDEEC}.Release|Any CPU.Build.0 = Release|Any CPU
	EndGlobalSection
	GlobalSection(SolutionProperties) = preSolution
		HideSolutionNode = FALSE
	EndGlobalSection
	GlobalSection(ExtensibilityGlobals) = postSolution
		SolutionGuid = {21406CA1-1B71-4BB2-A6A6-CD764975C63E}
	EndGlobalSection
EndGlobal
